
Microsoft Visual Studio Solution File, Format Version 12.00
# Visual Studio Version 17
VisualStudioVersion = 17.3.32819.101
MinimumVisualStudioVersion = 10.0.40219.1
Project("{F184B08F-C81C-45F6-A57F-5ABD9991F28F}") = "Variables", "Variables.vbproj", "{18C34DF6-6DEE-455E-965A-A987720A2262}"
EndProject
Global
	GlobalSection(SolutionConfigurationPlatforms) = preSolution
		Debug|Any CPU = Debug|Any CPU
		Release|Any CPU = Release|Any CPU
	EndGlobalSection
	GlobalSection(ProjectConfigurationPlatforms) = postSolution
		{18C34DF6-6DEE-455E-965A-A987720A2262}.Debug|Any CPU.ActiveCfg = Debug|Any CPU
		{18C34DF6-6DEE-455E-965A-A987720A2262}.Debug|Any CPU.Build.0 = Debug|Any CPU
		{18C34DF6-6DEE-455E-965A-A987720A2262}.Release|Any CPU.ActiveCfg = Release|Any CPU
		{18C34DF6-6DEE-455E-965A-A987720A2262}.Release|Any CPU.Build.0 = Release|Any CPU
	EndGlobalSection
	GlobalSection(SolutionProperties) = preSolution
		HideSolutionNode = FALSE
	EndGlobalSection
	GlobalSection(ExtensibilityGlobals) = postSolution
		SolutionGuid = {5E5D71A1-D41C-4E62-8549-76A5D2B39E69}
	EndGlobalSection
EndGlobal
